
Microsoft Visual Studio Solution File, Format Version 12.00
# Visual Studio 15
VisualStudioVersion = 15.0.26124.0
MinimumVisualStudioVersion = 15.0.26124.0
Project("{2150E333-8FDC-42A3-9474-1A3956D46DE8}") = "src", "src", "{6CFFAE22-00AC-4FCB-BCE8-6B2DBB96488C}"
EndProject
Project("{2150E333-8FDC-42A3-9474-1A3956D46DE8}") = "main", "main", "{0369C24C-ABC7-401E-B9BC-55A932935AF0}"
EndProject
Project("{2150E333-8FDC-42A3-9474-1A3956D46DE8}") = "java", "java", "{DD131BD9-F76D-42BC-AEBA-88A5EF4B94DC}"
EndProject
Project("{FAE04EC0-301F-11D3-BF4B-00C04F79EFBC}") = "testSa0002Code", "src\main\java\test_sa_0002\testSa0002Code.csproj", "{5B01E9CA-11C0-4FD6-B932-2E9494E84C48}"
EndProject
Project("{2150E333-8FDC-42A3-9474-1A3956D46DE8}") = "test", "test", "{C32B8108-011E-4BF9-8190-715508793C3F}"
EndProject
Project("{2150E333-8FDC-42A3-9474-1A3956D46DE8}") = "java", "java", "{F8C2CE94-15DD-4C68-BEE9-3D66853800C2}"
EndProject
Project("{FAE04EC0-301F-11D3-BF4B-00C04F79EFBC}") = "testSa0002", "src\test\java\test_sa_0002\testSa0002.csproj", "{0D627DB2-30CD-46D8-849B-8336F4681C7C}"
EndProject
Global
	GlobalSection(SolutionConfigurationPlatforms) = preSolution
		Debug|Any CPU = Debug|Any CPU
		Debug|x64 = Debug|x64
		Debug|x86 = Debug|x86
		Release|Any CPU = Release|Any CPU
		Release|x64 = Release|x64
		Release|x86 = Release|x86
	EndGlobalSection
	GlobalSection(SolutionProperties) = preSolution
		HideSolutionNode = FALSE
	EndGlobalSection
	GlobalSection(ProjectConfigurationPlatforms) = postSolution
		{5B01E9CA-11C0-4FD6-B932-2E9494E84C48}.Debug|Any CPU.ActiveCfg = Debug|Any CPU
		{5B01E9CA-11C0-4FD6-B932-2E9494E84C48}.Debug|Any CPU.Build.0 = Debug|Any CPU
		{5B01E9CA-11C0-4FD6-B932-2E9494E84C48}.Debug|x64.ActiveCfg = Debug|Any CPU
		{5B01E9CA-11C0-4FD6-B932-2E9494E84C48}.Debug|x64.Build.0 = Debug|Any CPU
		{5B01E9CA-11C0-4FD6-B932-2E9494E84C48}.Debug|x86.ActiveCfg = Debug|Any CPU
		{5B01E9CA-11C0-4FD6-B932-2E9494E84C48}.Debug|x86.Build.0 = Debug|Any CPU
		{5B01E9CA-11C0-4FD6-B932-2E9494E84C48}.Release|Any CPU.ActiveCfg = Release|Any CPU
		{5B01E9CA-11C0-4FD6-B932-2E9494E84C48}.Release|Any CPU.Build.0 = Release|Any CPU
		{5B01E9CA-11C0-4FD6-B932-2E9494E84C48}.Release|x64.ActiveCfg = Release|Any CPU
		{5B01E9CA-11C0-4FD6-B932-2E9494E84C48}.Release|x64.Build.0 = Release|Any CPU
		{5B01E9CA-11C0-4FD6-B932-2E9494E84C48}.Release|x86.ActiveCfg = Release|Any CPU
		{5B01E9CA-11C0-4FD6-B932-2E9494E84C48}.Release|x86.Build.0 = Release|Any CPU
		{0D627DB2-30CD-46D8-849B-8336F4681C7C}.Debug|Any CPU.ActiveCfg = Debug|Any CPU
		{0D627DB2-30CD-46D8-849B-8336F4681C7C}.Debug|Any CPU.Build.0 = Debug|Any CPU
		{0D627DB2-30CD-46D8-849B-8336F4681C7C}.Debug|x64.ActiveCfg = Debug|Any CPU
		{0D627DB2-30CD-46D8-849B-8336F4681C7C}.Debug|x64.Build.0 = Debug|Any CPU
		{0D627DB2-30CD-46D8-849B-8336F4681C7C}.Debug|x86.ActiveCfg = Debug|Any CPU
		{0D627DB2-30CD-46D8-849B-8336F4681C7C}.Debug|x86.Build.0 = Debug|Any CPU
		{0D627DB2-30CD-46D8-849B-8336F4681C7C}.Release|Any CPU.ActiveCfg = Release|Any CPU
		{0D627DB2-30CD-46D8-849B-8336F4681C7C}.Release|Any CPU.Build.0 = Release|Any CPU
		{0D627DB2-30CD-46D8-849B-8336F4681C7C}.Release|x64.ActiveCfg = Release|Any CPU
		{0D627DB2-30CD-46D8-849B-8336F4681C7C}.Release|x64.Build.0 = Release|Any CPU
		{0D627DB2-30CD-46D8-849B-8336F4681C7C}.Release|x86.ActiveCfg = Release|Any CPU
		{0D627DB2-30CD-46D8-849B-8336F4681C7C}.Release|x86.Build.0 = Release|Any CPU
	EndGlobalSection
	GlobalSection(NestedProjects) = preSolution
		{0369C24C-ABC7-401E-B9BC-55A932935AF0} = {6CFFAE22-00AC-4FCB-BCE8-6B2DBB96488C}
		{DD131BD9-F76D-42BC-AEBA-88A5EF4B94DC} = {0369C24C-ABC7-401E-B9BC-55A932935AF0}
		{5B01E9CA-11C0-4FD6-B932-2E9494E84C48} = {DD131BD9-F76D-42BC-AEBA-88A5EF4B94DC}
		{C32B8108-011E-4BF9-8190-715508793C3F} = {6CFFAE22-00AC-4FCB-BCE8-6B2DBB96488C}
		{F8C2CE94-15DD-4C68-BEE9-3D66853800C2} = {C32B8108-011E-4BF9-8190-715508793C3F}
		{0D627DB2-30CD-46D8-849B-8336F4681C7C} = {F8C2CE94-15DD-4C68-BEE9-3D66853800C2}
	EndGlobalSection
EndGlobal
